
Microsoft Visual Studio Solution File, Format Version 12.00
# Visual Studio Version 16
VisualStudioVersion = 16.0.30204.135
MinimumVisualStudioVersion = 10.0.40219.1
Project("{9A19103F-16F7-4668-BE54-9A1E7A4F7556}") = "OrderService", "OrderService.csproj", "{453B2B85-A654-453B-A415-FEAE110808AA}"
EndProject
Project("{FAE04EC0-301F-11D3-BF4B-00C04F79EFBC}") = "InventoryService", "..\InventoryService\InventoryService.csproj", "{3AF42844-7AF4-40B0-9A05-E3135E1309F1}"
EndProject
Project("{FAE04EC0-301F-11D3-BF4B-00C04F79EFBC}") = "Models", "..\Models\Models.csproj", "{7122BD1E-EAB3-430A-8836-16CA170220BA}"
EndProject
Global
	GlobalSection(SolutionConfigurationPlatforms) = preSolution
		Debug|Any CPU = Debug|Any CPU
		Release|Any CPU = Release|Any CPU
	EndGlobalSection
	GlobalSection(ProjectConfigurationPlatforms) = postSolution
		{453B2B85-A654-453B-A415-FEAE110808AA}.Debug|Any CPU.ActiveCfg = Debug|Any CPU
		{453B2B85-A654-453B-A415-FEAE110808AA}.Debug|Any CPU.Build.0 = Debug|Any CPU
		{453B2B85-A654-453B-A415-FEAE110808AA}.Release|Any CPU.ActiveCfg = Release|Any CPU
		{453B2B85-A654-453B-A415-FEAE110808AA}.Release|Any CPU.Build.0 = Release|Any CPU
		{3AF42844-7AF4-40B0-9A05-E3135E1309F1}.Debug|Any CPU.ActiveCfg = Debug|Any CPU
		{3AF42844-7AF4-40B0-9A05-E3135E1309F1}.Debug|Any CPU.Build.0 = Debug|Any CPU
		{3AF42844-7AF4-40B0-9A05-E3135E1309F1}.Release|Any CPU.ActiveCfg = Release|Any CPU
		{3AF42844-7AF4-40B0-9A05-E3135E1309F1}.Release|Any CPU.Build.0 = Release|Any CPU
		{7122BD1E-EAB3-430A-8836-16CA170220BA}.Debug|Any CPU.ActiveCfg = Debug|Any CPU
		{7122BD1E-EAB3-430A-8836-16CA170220BA}.Debug|Any CPU.Build.0 = Debug|Any CPU
		{7122BD1E-EAB3-430A-8836-16CA170220BA}.Release|Any CPU.ActiveCfg = Release|Any CPU
		{7122BD1E-EAB3-430A-8836-16CA170220BA}.Release|Any CPU.Build.0 = Release|Any CPU
	EndGlobalSection
	GlobalSection(SolutionProperties) = preSolution
		HideSolutionNode = FALSE
	EndGlobalSection
	GlobalSection(ExtensibilityGlobals) = postSolution
		SolutionGuid = {B169242C-53DB-46D3-8EDF-B8DAA4A434E1}
	EndGlobalSection
EndGlobal
